Microsoft Visual Studio Solution File, Format Version 11.00
# Visual Studio 2008

Project("{96A3BE3C-F272-E017-046D-1B2674A52BD3}") = "01", "Assembly-CSharp-firstpass.csproj", "{194EDDA2-A0C9-CA62-22EF-49ED4AA8DC02}"
EndProject
Project("{96A3BE3C-F272-E017-046D-1B2674A52BD3}") = "01", "Assembly-UnityScript-firstpass.unityproj", "{83C89D0D-5E47-A09B-2064-800BBC723629}"
EndProject
Global
	GlobalSection(SolutionConfigurationPlatforms) = preSolution
		Debug|Any CPU = Debug|Any CPU
		Release|Any CPU = Release|Any CPU
	EndGlobalSection
	GlobalSection(ProjectConfigurationPlatforms) = postSolution
		{194EDDA2-A0C9-CA62-22EF-49ED4AA8DC02}.Debug|Any CPU.ActiveCfg = Debug|Any CPU
		{194EDDA2-A0C9-CA62-22EF-49ED4AA8DC02}.Debug|Any CPU.Build.0 = Debug|Any CPU
		{194EDDA2-A0C9-CA62-22EF-49ED4AA8DC02}.Release|Any CPU.ActiveCfg = Release|Any CPU
		{194EDDA2-A0C9-CA62-22EF-49ED4AA8DC02}.Release|Any CPU.Build.0 = Release|Any CPU
		{83C89D0D-5E47-A09B-2064-800BBC723629}.Debug|Any CPU.ActiveCfg = Debug|Any CPU
		{83C89D0D-5E47-A09B-2064-800BBC723629}.Debug|Any CPU.Build.0 = Debug|Any CPU
		{83C89D0D-5E47-A09B-2064-800BBC723629}.Release|Any CPU.ActiveCfg = Release|Any CPU
		{83C89D0D-5E47-A09B-2064-800BBC723629}.Release|Any CPU.Build.0 = Release|Any CPU
	EndGlobalSection
	GlobalSection(SolutionProperties) = preSolution
		HideSolutionNode = FALSE
	EndGlobalSection
		GlobalSection(MonoDevelopProperties) = preSolution
		StartupItem = Assembly-CSharp.csproj
		Policies = $0
		$0.TextStylePolicy = $1
		$1.inheritsSet = null
		$1.scope = text/x-csharp
		$0.CSharpFormattingPolicy = $2
		$2.inheritsSet = Mono
		$2.inheritsScope = text/x-csharp
		$2.scope = text/x-csharp
		$0.TextStylePolicy = $3
		$3.FileWidth = 120
		$3.TabWidth = 4
		$3.EolMarker = Unix
		$3.inheritsSet = Mono
		$3.inheritsScope = text/plain
		$3.scope = text/plain
	EndGlobalSection

EndGlobal
